// !$*UTF8*$!
{
	archiveVersion = 1;
	classes = {
	};
	objectVersion = 50;
	objects = {

/* Begin PBXBuildFile section */
		2F17EF6E24A924970031DCA2 /* PokedexList.swift in Sources */ = {isa = PBXBuildFile; fileRef = 2F17EF6D24A924970031DCA2 /* PokedexList.swift */; };
		2F17EF7024A9259C0031DCA2 /* Pokemon.swift in Sources */ = {isa = PBXBuildFile; fileRef = 2F17EF6F24A9259C0031DCA2 /* Pokemon.swift */; };
		2F17EF7224A92C890031DCA2 /* PokemonCard.swift in Sources */ = {isa = PBXBuildFile; fileRef = 2F17EF7124A92C890031DCA2 /* PokemonCard.swift */; };
		2F31B24B24A9485F00B8F714 /* PokemonDetail.swift in Sources */ = {isa = PBXBuildFile; fileRef = 2F31B24A24A9485F00B8F714 /* PokemonDetail.swift */; };
		2F31B24F24A95C2B00B8F714 /* PokemonDetailHeaderView.swift in Sources */ = {isa = PBXBuildFile; fileRef = 2F31B24E24A95C2B00B8F714 /* PokemonDetailHeaderView.swift */; };
		2F31B25224AA954100B8F714 /* PokemonAbout.swift in Sources */ = {isa = PBXBuildFile; fileRef = 2F31B25124AA954100B8F714 /* PokemonAbout.swift */; };
		2F31B25424AA95D900B8F714 /* PokemonInformation.swift in Sources */ = {isa = PBXBuildFile; fileRef = 2F31B25324AA95D900B8F714 /* PokemonInformation.swift */; };
		2F8FF54324AAA27B00F77ADD /* CircularStd-Book.ttf in Resources */ = {isa = PBXBuildFile; fileRef = 2F8FF54224AAA27B00F77ADD /* CircularStd-Book.ttf */; };
		2F8FF54524AABDD700F77ADD /* PokemonBaseStats.swift in Sources */ = {isa = PBXBuildFile; fileRef = 2F8FF54424AABDD700F77ADD /* PokemonBaseStats.swift */; };
		2F8FF54724AD710100F77ADD /* PokemonEvolutionChain.swift in Sources */ = {isa = PBXBuildFile; fileRef = 2F8FF54624AD710100F77ADD /* PokemonEvolutionChain.swift */; };
		2F8FF54924AD714F00F77ADD /* PokemonEvolution.swift in Sources */ = {isa = PBXBuildFile; fileRef = 2F8FF54824AD714F00F77ADD /* PokemonEvolution.swift */; };
		2F9EDF3424A81D1900BEFBB2 /* PokemonCategory.swift in Sources */ = {isa = PBXBuildFile; fileRef = 2F9EDF3324A81D1900BEFBB2 /* PokemonCategory.swift */; };
		2FF24F5024A8229200DE3E10 /* News.swift in Sources */ = {isa = PBXBuildFile; fileRef = 2FF24F4F24A8229200DE3E10 /* News.swift */; };
		2FF24F5224A8237B00DE3E10 /* PokemonNews.swift in Sources */ = {isa = PBXBuildFile; fileRef = 2FF24F5124A8237B00DE3E10 /* PokemonNews.swift */; };
		2FFEF23924A7EE66000B0F99 /* PokedexApp.swift in Sources */ = {isa = PBXBuildFile; fileRef = 2FFEF23824A7EE66000B0F99 /* PokedexApp.swift */; };
		2FFEF23B24A7EE66000B0F99 /* Dashboard.swift in Sources */ = {isa = PBXBuildFile; fileRef = 2FFEF23A24A7EE66000B0F99 /* Dashboard.swift */; };
		2FFEF23D24A7EE6B000B0F99 /* Assets.xcassets in Resources */ = {isa = PBXBuildFile; fileRef = 2FFEF23C24A7EE6B000B0F99 /* Assets.xcassets */; };
		2FFEF24024A7EE6B000B0F99 /* Preview Assets.xcassets in Resources */ = {isa = PBXBuildFile; fileRef = 2FFEF23F24A7EE6B000B0F99 /* Preview Assets.xcassets */; };
		2FFEF24B24A7EE6C000B0F99 /* PokedexTests.swift in Sources */ = {isa = PBXBuildFile; fileRef = 2FFEF24A24A7EE6C000B0F99 /* PokedexTests.swift */; };
		2FFEF25624A7EE6C000B0F99 /* PokedexUITests.swift in Sources */ = {isa = PBXBuildFile; fileRef = 2FFEF25524A7EE6C000B0F99 /* PokedexUITests.swift */; };
		2FFEF26A24A7F723000B0F99 /* CircularStd-Bold.otf in Resources */ = {isa = PBXBuildFile; fileRef = 2FFEF26924A7F723000B0F99 /* CircularStd-Bold.otf */; };
		2FFEF26D24A7FFDB000B0F99 /* ExtraShapes.swift in Sources */ = {isa = PBXBuildFile; fileRef = 2FFEF26C24A7FFDB000B0F99 /* ExtraShapes.swift */; };
		2FFEF27024A80436000B0F99 /* Category.swift in Sources */ = {isa = PBXBuildFile; fileRef = 2FFEF26F24A80436000B0F99 /* Category.swift */; };
/* End PBXBuildFile section */

/* Begin PBXContainerItemProxy section */
		2FFEF24724A7EE6C000B0F99 /* PBXContainerItemProxy */ = {
			isa = PBXContainerItemProxy;
			containerPortal = 2FFEF22D24A7EE66000B0F99 /* Project object */;
			proxyType = 1;
			remoteGlobalIDString = 2FFEF23424A7EE66000B0F99;
			remoteInfo = Pokedex;
		};
		2FFEF25224A7EE6C000B0F99 /* PBXContainerItemProxy */ = {
			isa = PBXContainerItemProxy;
			containerPortal = 2FFEF22D24A7EE66000B0F99 /* Project object */;
			proxyType = 1;
			remoteGlobalIDString = 2FFEF23424A7EE66000B0F99;
			remoteInfo = Pokedex;
		};
/* End PBXContainerItemProxy section */

/* Begin PBXFileReference section */
		2F17EF6D24A924970031DCA2 /* PokedexList.swift */ = {isa = PBXFileReference; lastKnownFileType = sourcecode.swift; path = PokedexList.swift; sourceTree = "<group>"; };
		2F17EF6F24A9259C0031DCA2 /* Pokemon.swift */ = {isa = PBXFileReference; lastKnownFileType = sourcecode.swift; path = Pokemon.swift; sourceTree = "<group>"; };
		2F17EF7124A92C890031DCA2 /* PokemonCard.swift */ = {isa = PBXFileReference; lastKnownFileType = sourcecode.swift; path = PokemonCard.swift; sourceTree = "<group>"; };
		2F31B24A24A9485F00B8F714 /* PokemonDetail.swift */ = {isa = PBXFileReference; lastKnownFileType = sourcecode.swift; path = PokemonDetail.swift; sourceTree = "<group>"; };
		2F31B24E24A95C2B00B8F714 /* PokemonDetailHeaderView.swift */ = {isa = PBXFileReference; lastKnownFileType = sourcecode.swift; path = PokemonDetailHeaderView.swift; sourceTree = "<group>"; };
		2F31B25124AA954100B8F714 /* PokemonAbout.swift */ = {isa = PBXFileReference; lastKnownFileType = sourcecode.swift; path = PokemonAbout.swift; sourceTree = "<group>"; };
		2F31B25324AA95D900B8F714 /* PokemonInformation.swift */ = {isa = PBXFileReference; lastKnownFileType = sourcecode.swift; path = PokemonInformation.swift; sourceTree = "<group>"; };
		2F8FF54224AAA27B00F77ADD /* CircularStd-Book.ttf */ = {isa = PBXFileReference; lastKnownFileType = file; path = "CircularStd-Book.ttf"; sourceTree = "<group>"; };
		2F8FF54424AABDD700F77ADD /* PokemonBaseStats.swift */ = {isa = PBXFileReference; lastKnownFileType = sourcecode.swift; path = PokemonBaseStats.swift; sourceTree = "<group>"; };
		2F8FF54624AD710100F77ADD /* PokemonEvolutionChain.swift */ = {isa = PBXFileReference; lastKnownFileType = sourcecode.swift; path = PokemonEvolutionChain.swift; sourceTree = "<group>"; };
		2F8FF54824AD714F00F77ADD /* PokemonEvolution.swift */ = {isa = PBXFileReference; lastKnownFileType = sourcecode.swift; path = PokemonEvolution.swift; sourceTree = "<group>"; };
		2F9EDF3324A81D1900BEFBB2 /* PokemonCategory.swift */ = {isa = PBXFileReference; lastKnownFileType = sourcecode.swift; path = PokemonCategory.swift; sourceTree = "<group>"; };
		2FF24F4F24A8229200DE3E10 /* News.swift */ = {isa = PBXFileReference; lastKnownFileType = sourcecode.swift; path = News.swift; sourceTree = "<group>"; };
		2FF24F5124A8237B00DE3E10 /* PokemonNews.swift */ = {isa = PBXFileReference; lastKnownFileType = sourcecode.swift; path = PokemonNews.swift; sourceTree = "<group>"; };
		2FFEF23524A7EE66000B0F99 /* Pokedex.app */ = {isa = PBXFileReference; explicitFileType = wrapper.application; includeInIndex = 0; path = Pokedex.app; sourceTree = BUILT_PRODUCTS_DIR; };
		2FFEF23824A7EE66000B0F99 /* PokedexApp.swift */ = {isa = PBXFileReference; lastKnownFileType = sourcecode.swift; path = PokedexApp.swift; sourceTree = "<group>"; };
		2FFEF23A24A7EE66000B0F99 /* Dashboard.swift */ = {isa = PBXFileReference; lastKnownFileType = sourcecode.swift; path = Dashboard.swift; sourceTree = "<group>"; };
		2FFEF23C24A7EE6B000B0F99 /* Assets.xcassets */ = {isa = PBXFileReference; lastKnownFileType = folder.assetcatalog; path = Assets.xcassets; sourceTree = "<group>"; };
		2FFEF23F24A7EE6B000B0F99 /* Preview Assets.xcassets */ = {isa = PBXFileReference; lastKnownFileType = folder.assetcatalog; path = "Preview Assets.xcassets"; sourceTree = "<group>"; };
		2FFEF24124A7EE6B000B0F99 /* Info.plist */ = {isa = PBXFileReference; lastKnownFileType = text.plist.xml; path = Info.plist; sourceTree = "<group>"; };
		2FFEF24624A7EE6C000B0F99 /* PokedexTests.xctest */ = {isa = PBXFileReference; explicitFileType = wrapper.cfbundle; includeInIndex = 0; path = PokedexTests.xctest; sourceTree = BUILT_PRODUCTS_DIR; };
		2FFEF24A24A7EE6C000B0F99 /* PokedexTests.swift */ = {isa = PBXFileReference; lastKnownFileType = sourcecode.swift; path = PokedexTests.swift; sourceTree = "<group>"; };
		2FFEF24C24A7EE6C000B0F99 /* Info.plist */ = {isa = PBXFileReference; lastKnownFileType = text.plist.xml; path = Info.plist; sourceTree = "<group>"; };
		2FFEF25124A7EE6C000B0F99 /* PokedexUITests.xctest */ = {isa = PBXFileReference; explicitFileType = wrapper.cfbundle; includeInIndex = 0; path = PokedexUITests.xctest; sourceTree = BUILT_PRODUCTS_DIR; };
		2FFEF25524A7EE6C000B0F99 /* PokedexUITests.swift */ = {isa = PBXFileReference; lastKnownFileType = sourcecode.swift; path = PokedexUITests.swift; sourceTree = "<group>"; };
		2FFEF25724A7EE6C000B0F99 /* Info.plist */ = {isa = PBXFileReference; lastKnownFileType = text.plist.xml; path = Info.plist; sourceTree = "<group>"; };
		2FFEF26924A7F723000B0F99 /* CircularStd-Bold.otf */ = {isa = PBXFileReference; lastKnownFileType = file; path = "CircularStd-Bold.otf"; sourceTree = "<group>"; };
		2FFEF26C24A7FFDB000B0F99 /* ExtraShapes.swift */ = {isa = PBXFileReference; lastKnownFileType = sourcecode.swift; path = ExtraShapes.swift; sourceTree = "<group>"; };
		2FFEF26F24A80436000B0F99 /* Category.swift */ = {isa = PBXFileReference; lastKnownFileType = sourcecode.swift; path = Category.swift; sourceTree = "<group>"; };
/* End PBXFileReference section */

/* Begin PBXFrameworksBuildPhase section */
		2FFEF23224A7EE66000B0F99 /* Frameworks */ = {
			isa = PBXFrameworksBuildPhase;
			buildActionMask = 2147483647;
			files = (
			);
			runOnlyForDeploymentPostprocessing = 0;
		};
		2FFEF24324A7EE6C000B0F99 /* Frameworks */ = {
			isa = PBXFrameworksBuildPhase;
			buildActionMask = 2147483647;
			files = (
			);
			runOnlyForDeploymentPostprocessing = 0;
		};
		2FFEF24E24A7EE6C000B0F99 /* Frameworks */ = {
			isa = PBXFrameworksBuildPhase;
			buildActionMask = 2147483647;
			files = (
			);
			runOnlyForDeploymentPostprocessing = 0;
		};
/* End PBXFrameworksBuildPhase section */

/* Begin PBXGroup section */
		2F17EF6B24A924670031DCA2 /* PokedexList */ = {
			isa = PBXGroup;
			children = (
				2F17EF6C24A924810031DCA2 /* Subviews */,
				2F17EF6D24A924970031DCA2 /* PokedexList.swift */,
			);
			path = PokedexList;
			sourceTree = "<group>";
		};
		2F17EF6C24A924810031DCA2 /* Subviews */ = {
			isa = PBXGroup;
			children = (
				2F17EF7124A92C890031DCA2 /* PokemonCard.swift */,
			);
			path = Subviews;
			sourceTree = "<group>";
		};
		2F31B24924A946F900B8F714 /* PokemonDetail */ = {
			isa = PBXGroup;
			children = (
				2F31B25024A9654D00B8F714 /* Subviews */,
				2F31B24A24A9485F00B8F714 /* PokemonDetail.swift */,
			);
			path = PokemonDetail;
			sourceTree = "<group>";
		};
		2F31B25024A9654D00B8F714 /* Subviews */ = {
			isa = PBXGroup;
			children = (
				2F31B24E24A95C2B00B8F714 /* PokemonDetailHeaderView.swift */,
				2F31B25124AA954100B8F714 /* PokemonAbout.swift */,
				2F8FF54424AABDD700F77ADD /* PokemonBaseStats.swift */,
				2F8FF54624AD710100F77ADD /* PokemonEvolutionChain.swift */,
			);
			path = Subviews;
			sourceTree = "<group>";
		};
		2F9EDF3224A81D0200BEFBB2 /* Models */ = {
			isa = PBXGroup;
			children = (
				2F31B25324AA95D900B8F714 /* PokemonInformation.swift */,
				2F9EDF3324A81D1900BEFBB2 /* PokemonCategory.swift */,
				2FF24F5124A8237B00DE3E10 /* PokemonNews.swift */,
				2F17EF6F24A9259C0031DCA2 /* Pokemon.swift */,
				2F8FF54824AD714F00F77ADD /* PokemonEvolution.swift */,
			);
			path = Models;
			sourceTree = "<group>";
		};
		2FFEF22C24A7EE66000B0F99 = {
			isa = PBXGroup;
			children = (
				2FFEF23724A7EE66000B0F99 /* Pokedex */,
				2FFEF24924A7EE6C000B0F99 /* PokedexTests */,
				2FFEF25424A7EE6C000B0F99 /* PokedexUITests */,
				2FFEF23624A7EE66000B0F99 /* Products */,
			);
			sourceTree = "<group>";
		};
		2FFEF23624A7EE66000B0F99 /* Products */ = {
			isa = PBXGroup;
			children = (
				2FFEF23524A7EE66000B0F99 /* Pokedex.app */,
				2FFEF24624A7EE6C000B0F99 /* PokedexTests.xctest */,
				2FFEF25124A7EE6C000B0F99 /* PokedexUITests.xctest */,
			);
			name = Products;
			sourceTree = "<group>";
		};
		2FFEF23724A7EE66000B0F99 /* Pokedex */ = {
			isa = PBXGroup;
			children = (
				2F9EDF3224A81D0200BEFBB2 /* Models */,
				2FFEF26B24A7FFC3000B0F99 /* General */,
				2FFEF26524A7F054000B0F99 /* Resources */,
				2FFEF26424A7EEA6000B0F99 /* Scenes */,
				2FFEF23824A7EE66000B0F99 /* PokedexApp.swift */,
				2FFEF23C24A7EE6B000B0F99 /* Assets.xcassets */,
				2FFEF24124A7EE6B000B0F99 /* Info.plist */,
				2FFEF23E24A7EE6B000B0F99 /* Preview Content */,
			);
			path = Pokedex;
			sourceTree = "<group>";
		};
		2FFEF23E24A7EE6B000B0F99 /* Preview Content */ = {
			isa = PBXGroup;
			children = (
				2FFEF23F24A7EE6B000B0F99 /* Preview Assets.xcassets */,
			);
			path = "Preview Content";
			sourceTree = "<group>";
		};
		2FFEF24924A7EE6C000B0F99 /* PokedexTests */ = {
			isa = PBXGroup;
			children = (
				2FFEF24A24A7EE6C000B0F99 /* PokedexTests.swift */,
				2FFEF24C24A7EE6C000B0F99 /* Info.plist */,
			);
			path = PokedexTests;
			sourceTree = "<group>";
		};
		2FFEF25424A7EE6C000B0F99 /* PokedexUITests */ = {
			isa = PBXGroup;
			children = (
				2FFEF25524A7EE6C000B0F99 /* PokedexUITests.swift */,
				2FFEF25724A7EE6C000B0F99 /* Info.plist */,
			);
			path = PokedexUITests;
			sourceTree = "<group>";
		};
		2FFEF26324A7EE9C000B0F99 /* Dashboard */ = {
			isa = PBXGroup;
			children = (
				2FFEF26E24A80418000B0F99 /* Subviews */,
				2FFEF23A24A7EE66000B0F99 /* Dashboard.swift */,
			);
			path = Dashboard;
			sourceTree = "<group>";
		};
		2FFEF26424A7EEA6000B0F99 /* Scenes */ = {
			isa = PBXGroup;
			children = (
				2F31B24924A946F900B8F714 /* PokemonDetail */,
				2F17EF6B24A924670031DCA2 /* PokedexList */,
				2FFEF26324A7EE9C000B0F99 /* Dashboard */,
			);
			path = Scenes;
			sourceTree = "<group>";
		};
		2FFEF26524A7F054000B0F99 /* Resources */ = {
			isa = PBXGroup;
			children = (
				2FFEF26624A7F059000B0F99 /* Fonts */,
			);
			path = Resources;
			sourceTree = "<group>";
		};
		2FFEF26624A7F059000B0F99 /* Fonts */ = {
			isa = PBXGroup;
			children = (
				2FFEF26924A7F723000B0F99 /* CircularStd-Bold.otf */,
				2F8FF54224AAA27B00F77ADD /* CircularStd-Book.ttf */,
			);
			path = Fonts;
			sourceTree = "<group>";
		};
		2FFEF26B24A7FFC3000B0F99 /* General */ = {
			isa = PBXGroup;
			children = (
				2FFEF26C24A7FFDB000B0F99 /* ExtraShapes.swift */,
			);
			path = General;
			sourceTree = "<group>";
		};
		2FFEF26E24A80418000B0F99 /* Subviews */ = {
			isa = PBXGroup;
			children = (
				2FFEF26F24A80436000B0F99 /* Category.swift */,
				2FF24F4F24A8229200DE3E10 /* News.swift */,
			);
			path = Subviews;
			sourceTree = "<group>";
		};
/* End PBXGroup section */

/* Begin PBXNativeTarget section */
		2FFEF23424A7EE66000B0F99 /* Pokedex */ = {
			isa = PBXNativeTarget;
			buildConfigurationList = 2FFEF25A24A7EE6C000B0F99 /* Build configuration list for PBXNativeTarget "Pokedex" */;
			buildPhases = (
				2FFEF23124A7EE66000B0F99 /* Sources */,
				2FFEF23224A7EE66000B0F99 /* Frameworks */,
				2FFEF23324A7EE66000B0F99 /* Resources */,
			);
			buildRules = (
			);
			dependencies = (
			);
			name = Pokedex;
			productName = Pokedex;
			productReference = 2FFEF23524A7EE66000B0F99 /* Pokedex.app */;
			productType = "com.apple.product-type.application";
		};
		2FFEF24524A7EE6C000B0F99 /* PokedexTests */ = {
			isa = PBXNativeTarget;
			buildConfigurationList = 2FFEF25D24A7EE6C000B0F99 /* Build configuration list for PBXNativeTarget "PokedexTests" */;
			buildPhases = (
				2FFEF24224A7EE6C000B0F99 /* Sources */,
				2FFEF24324A7EE6C000B0F99 /* Frameworks */,
				2FFEF24424A7EE6C000B0F99 /* Resources */,
			);
			buildRules = (
			);
			dependencies = (
				2FFEF24824A7EE6C000B0F99 /* PBXTargetDependency */,
			);
			name = PokedexTests;
			productName = PokedexTests;
			productReference = 2FFEF24624A7EE6C000B0F99 /* PokedexTests.xctest */;
			productType = "com.apple.product-type.bundle.unit-test";
		};
		2FFEF25024A7EE6C000B0F99 /* PokedexUITests */ = {
			isa = PBXNativeTarget;
			buildConfigurationList = 2FFEF26024A7EE6C000B0F99 /* Build configuration list for PBXNativeTarget "PokedexUITests" */;
			buildPhases = (
				2FFEF24D24A7EE6C000B0F99 /* Sources */,
				2FFEF24E24A7EE6C000B0F99 /* Frameworks */,
				2FFEF24F24A7EE6C000B0F99 /* Resources */,
			);
			buildRules = (
			);
			dependencies = (
				2FFEF25324A7EE6C000B0F99 /* PBXTargetDependency */,
			);
			name = PokedexUITests;
			productName = PokedexUITests;
			productReference = 2FFEF25124A7EE6C000B0F99 /* PokedexUITests.xctest */;
			productType = "com.apple.product-type.bundle.ui-testing";
		};
/* End PBXNativeTarget section */

/* Begin PBXProject section */
		2FFEF22D24A7EE66000B0F99 /* Project object */ = {
			isa = PBXProject;
			attributes = {
				LastSwiftUpdateCheck = 1200;
				LastUpgradeCheck = 1200;
				TargetAttributes = {
					2FFEF23424A7EE66000B0F99 = {
						CreatedOnToolsVersion = 12.0;
					};
					2FFEF24524A7EE6C000B0F99 = {
						CreatedOnToolsVersion = 12.0;
						TestTargetID = 2FFEF23424A7EE66000B0F99;
					};
					2FFEF25024A7EE6C000B0F99 = {
						CreatedOnToolsVersion = 12.0;
						TestTargetID = 2FFEF23424A7EE66000B0F99;
					};
				};
			};
			buildConfigurationList = 2FFEF23024A7EE66000B0F99 /* Build configuration list for PBXProject "Pokedex" */;
			compatibilityVersion = "Xcode 9.3";
			developmentRegion = en;
			hasScannedForEncodings = 0;
			knownRegions = (
				en,
				Base,
			);
			mainGroup = 2FFEF22C24A7EE66000B0F99;
			productRefGroup = 2FFEF23624A7EE66000B0F99 /* Products */;
			projectDirPath = "";
			projectRoot = "";
			targets = (
				2FFEF23424A7EE66000B0F99 /* Pokedex */,
				2FFEF24524A7EE6C000B0F99 /* PokedexTests */,
				2FFEF25024A7EE6C000B0F99 /* PokedexUITests */,
			);
		};
/* End PBXProject section */

/* Begin PBXResourcesBuildPhase section */
		2FFEF23324A7EE66000B0F99 /* Resources */ = {
			isa = PBXResourcesBuildPhase;
			buildActionMask = 2147483647;
			files = (
				2F8FF54324AAA27B00F77ADD /* CircularStd-Book.ttf in Resources */,
				2FFEF24024A7EE6B000B0F99 /* Preview Assets.xcassets in Resources */,
				2FFEF26A24A7F723000B0F99 /* CircularStd-Bold.otf in Resources */,
				2FFEF23D24A7EE6B000B0F99 /* Assets.xcassets in Resources */,
			);
			runOnlyForDeploymentPostprocessing = 0;
		};
		2FFEF24424A7EE6C000B0F99 /* Resources */ = {
			isa = PBXResourcesBuildPhase;
			buildActionMask = 2147483647;
			files = (
			);
			runOnlyForDeploymentPostprocessing = 0;
		};
		2FFEF24F24A7EE6C000B0F99 /* Resources */ = {
			isa = PBXResourcesBuildPhase;
			buildActionMask = 2147483647;
			files = (
			);
			runOnlyForDeploymentPostprocessing = 0;
		};
/* End PBXResourcesBuildPhase section */

/* Begin PBXSourcesBuildPhase section */
		2FFEF23124A7EE66000B0F99 /* Sources */ = {
			isa = PBXSourcesBuildPhase;
			buildActionMask = 2147483647;
			files = (
				2F31B24B24A9485F00B8F714 /* PokemonDetail.swift in Sources */,
				2F17EF6E24A924970031DCA2 /* PokedexList.swift in Sources */,
				2F17EF7224A92C890031DCA2 /* PokemonCard.swift in Sources */,
				2FF24F5024A8229200DE3E10 /* News.swift in Sources */,
				2F31B24F24A95C2B00B8F714 /* PokemonDetailHeaderView.swift in Sources */,
				2F8FF54524AABDD700F77ADD /* PokemonBaseStats.swift in Sources */,
				2F31B25224AA954100B8F714 /* PokemonAbout.swift in Sources */,
				2F8FF54724AD710100F77ADD /* PokemonEvolutionChain.swift in Sources */,
				2F8FF54924AD714F00F77ADD /* PokemonEvolution.swift in Sources */,
				2FF24F5224A8237B00DE3E10 /* PokemonNews.swift in Sources */,
				2F31B25424AA95D900B8F714 /* PokemonInformation.swift in Sources */,
				2F9EDF3424A81D1900BEFBB2 /* PokemonCategory.swift in Sources */,
				2FFEF23B24A7EE66000B0F99 /* Dashboard.swift in Sources */,
				2F17EF7024A9259C0031DCA2 /* Pokemon.swift in Sources */,
				2FFEF23924A7EE66000B0F99 /* PokedexApp.swift in Sources */,
				2FFEF26D24A7FFDB000B0F99 /* ExtraShapes.swift in Sources */,
				2FFEF27024A80436000B0F99 /* Category.swift in Sources */,
			);
			runOnlyForDeploymentPostprocessing = 0;
		};
		2FFEF24224A7EE6C000B0F99 /* Sources */ = {
			isa = PBXSourcesBuildPhase;
			buildActionMask = 2147483647;
			files = (
				2FFEF24B24A7EE6C000B0F99 /* PokedexTests.swift in Sources */,
			);
			runOnlyForDeploymentPostprocessing = 0;
		};
		2FFEF24D24A7EE6C000B0F99 /* Sources */ = {
			isa = PBXSourcesBuildPhase;
			buildActionMask = 2147483647;
			files = (
				2FFEF25624A7EE6C000B0F99 /* PokedexUITests.swift in Sources */,
			);
			runOnlyForDeploymentPostprocessing = 0;
		};
/* End PBXSourcesBuildPhase section */

/* Begin PBXTargetDependency section */
		2FFEF24824A7EE6C000B0F99 /* PBXTargetDependency */ = {
			isa = PBXTargetDependency;
			target = 2FFEF23424A7EE66000B0F99 /* Pokedex */;
			targetProxy = 2FFEF24724A7EE6C000B0F99 /* PBXContainerItemProxy */;
		};
		2FFEF25324A7EE6C000B0F99 /* PBXTargetDependency */ = {
			isa = PBXTargetDependency;
			target = 2FFEF23424A7EE66000B0F99 /* Pokedex */;
			targetProxy = 2FFEF25224A7EE6C000B0F99 /* PBXContainerItemProxy */;
		};
/* End PBXTargetDependency section */

/* Begin XCBuildConfiguration section */
		2FFEF25824A7EE6C000B0F99 /* Debug */ = {
			isa = XCBuildConfiguration;
			buildSettings = {
				ALWAYS_SEARCH_USER_PATHS = NO;
				CLANG_ANALYZER_NONNULL = YES;
				CLANG_ANALYZER_NUMBER_OBJECT_CONVERSION = YES_AGGRESSIVE;
				CLANG_CXX_LANGUAGE_STANDARD = "gnu++14";
				CLANG_CXX_LIBRARY = "libc++";
				CLANG_ENABLE_MODULES = YES;
				CLANG_ENABLE_OBJC_ARC = YES;
				CLANG_ENABLE_OBJC_WEAK = YES;
				CLANG_WARN_BLOCK_CAPTURE_AUTORELEASING = YES;
				CLANG_WARN_BOOL_CONVERSION = YES;
				CLANG_WARN_COMMA = YES;
				CLANG_WARN_CONSTANT_CONVERSION = YES;
				CLANG_WARN_DEPRECATED_OBJC_IMPLEMENTATIONS = YES;
				CLANG_WARN_DIRECT_OBJC_ISA_USAGE = YES_ERROR;
				CLANG_WARN_DOCUMENTATION_COMMENTS = YES;
				CLANG_WARN_EMPTY_BODY = YES;
				CLANG_WARN_ENUM_CONVERSION = YES;
				CLANG_WARN_INFINITE_RECURSION = YES;
				CLANG_WARN_INT_CONVERSION = YES;
				CLANG_WARN_NON_LITERAL_NULL_CONVERSION = YES;
				CLANG_WARN_OBJC_IMPLICIT_RETAIN_SELF = YES;
				CLANG_WARN_OBJC_LITERAL_CONVERSION = YES;
				CLANG_WARN_OBJC_ROOT_CLASS = YES_ERROR;
				CLANG_WARN_QUOTED_INCLUDE_IN_FRAMEWORK_HEADER = YES;
				CLANG_WARN_RANGE_LOOP_ANALYSIS = YES;
				CLANG_WARN_STRICT_PROTOTYPES = YES;
				CLANG_WARN_SUSPICIOUS_MOVE = YES;
				CLANG_WARN_UNGUARDED_AVAILABILITY = YES_AGGRESSIVE;
				CLANG_WARN_UNREACHABLE_CODE = YES;
				CLANG_WARN__DUPLICATE_METHOD_MATCH = YES;
				COPY_PHASE_STRIP = NO;
				DEBUG_INFORMATION_FORMAT = dwarf;
				ENABLE_STRICT_OBJC_MSGSEND = YES;
				ENABLE_TESTABILITY = YES;
				GCC_C_LANGUAGE_STANDARD = gnu11;
				GCC_DYNAMIC_NO_PIC = NO;
				GCC_NO_COMMON_BLOCKS = YES;
				GCC_OPTIMIZATION_LEVEL = 0;
				GCC_PREPROCESSOR_DEFINITIONS = (
					"DEBUG=1",
					"$(inherited)",
				);
				GCC_WARN_64_TO_32_BIT_CONVERSION = YES;
				GCC_WARN_ABOUT_RETURN_TYPE = YES_ERROR;
				GCC_WARN_UNDECLARED_SELECTOR = YES;
				GCC_WARN_UNINITIALIZED_AUTOS = YES_AGGRESSIVE;
				GCC_WARN_UNUSED_FUNCTION = YES;
				GCC_WARN_UNUSED_VARIABLE = YES;
				IPHONEOS_DEPLOYMENT_TARGET = 14.0;
				MTL_ENABLE_DEBUG_INFO = INCLUDE_SOURCE;
				MTL_FAST_MATH = YES;
				ONLY_ACTIVE_ARCH = YES;
				SDKROOT = iphoneos;
				SWIFT_ACTIVE_COMPILATION_CONDITIONS = DEBUG;
				SWIFT_OPTIMIZATION_LEVEL = "-Onone";
			};
			name = Debug;
		};
		2FFEF25924A7EE6C000B0F99 /* Release */ = {
			isa = XCBuildConfiguration;
			buildSettings = {
				ALWAYS_SEARCH_USER_PATHS = NO;
				CLANG_ANALYZER_NONNULL = YES;
				CLANG_ANALYZER_NUMBER_OBJECT_CONVERSION = YES_AGGRESSIVE;
				CLANG_CXX_LANGUAGE_STANDARD = "gnu++14";
				CLANG_CXX_LIBRARY = "libc++";
				CLANG_ENABLE_MODULES = YES;
				CLANG_ENABLE_OBJC_ARC = YES;
				CLANG_ENABLE_OBJC_WEAK = YES;
				CLANG_WARN_BLOCK_CAPTURE_AUTORELEASING = YES;
				CLANG_WARN_BOOL_CONVERSION = YES;
				CLANG_WARN_COMMA = YES;
				CLANG_WARN_CONSTANT_CONVERSION = YES;
				CLANG_WARN_DEPRECATED_OBJC_IMPLEMENTATIONS = YES;
				CLANG_WARN_DIRECT_OBJC_ISA_USAGE = YES_ERROR;
				CLANG_WARN_DOCUMENTATION_COMMENTS = YES;
				CLANG_WARN_EMPTY_BODY = YES;
				CLANG_WARN_ENUM_CONVERSION = YES;
				CLANG_WARN_INFINITE_RECURSION = YES;
				CLANG_WARN_INT_CONVERSION = YES;
				CLANG_WARN_NON_LITERAL_NULL_CONVERSION = YES;
				CLANG_WARN_OBJC_IMPLICIT_RETAIN_SELF = YES;
				CLANG_WARN_OBJC_LITERAL_CONVERSION = YES;
				CLANG_WARN_OBJC_ROOT_CLASS = YES_ERROR;
				CLANG_WARN_QUOTED_INCLUDE_IN_FRAMEWORK_HEADER = YES;
				CLANG_WARN_RANGE_LOOP_ANALYSIS = YES;
				CLANG_WARN_STRICT_PROTOTYPES = YES;
				CLANG_WARN_SUSPICIOUS_MOVE = YES;
				CLANG_WARN_UNGUARDED_AVAILABILITY = YES_AGGRESSIVE;
				CLANG_WARN_UNREACHABLE_CODE = YES;
				CLANG_WARN__DUPLICATE_METHOD_MATCH = YES;
				COPY_PHASE_STRIP = NO;
				DEBUG_INFORMATION_FORMAT = "dwarf-with-dsym";
				ENABLE_NS_ASSERTIONS = NO;
				ENABLE_STRICT_OBJC_MSGSEND = YES;
				GCC_C_LANGUAGE_STANDARD = gnu11;
				GCC_NO_COMMON_BLOCKS = YES;
				GCC_WARN_64_TO_32_BIT_CONVERSION = YES;
				GCC_WARN_ABOUT_RETURN_TYPE = YES_ERROR;
				GCC_WARN_UNDECLARED_SELECTOR = YES;
				GCC_WARN_UNINITIALIZED_AUTOS = YES_AGGRESSIVE;
				GCC_WARN_UNUSED_FUNCTION = YES;
				GCC_WARN_UNUSED_VARIABLE = YES;
				IPHONEOS_DEPLOYMENT_TARGET = 14.0;
				MTL_ENABLE_DEBUG_INFO = NO;
				MTL_FAST_MATH = YES;
				SDKROOT = iphoneos;
				SWIFT_COMPILATION_MODE = wholemodule;
				SWIFT_OPTIMIZATION_LEVEL = "-O";
				VALIDATE_PRODUCT = YES;
			};
			name = Release;
		};
		2FFEF25B24A7EE6C000B0F99 /* Debug */ = {
			isa = XCBuildConfiguration;
			buildSettings = {
				ASSETCATALOG_COMPILER_APPICON_NAME = AppIcon;
				ASSETCATALOG_COMPILER_GLOBAL_ACCENT_COLOR_NAME = AccentColor;
				CODE_SIGN_STYLE = Automatic;
				DEVELOPMENT_ASSET_PATHS = "\"Pokedex/Preview Content\"";
				DEVELOPMENT_TEAM = TX6SMS48MG;
				ENABLE_PREVIEWS = YES;
				INFOPLIST_FILE = Pokedex/Info.plist;
				IPHONEOS_DEPLOYMENT_TARGET = 14.0;
				LD_RUNPATH_SEARCH_PATHS = (
					"$(inherited)",
					"@executable_path/Frameworks",
				);
				PRODUCT_BUNDLE_IDENTIFIER = com.alejo.Pokedex;
				PRODUCT_NAME = "$(TARGET_NAME)";
				SWIFT_VERSION = 5.0;
				TARGETED_DEVICE_FAMILY = "1,2";
			};
			name = Debug;
		};
		2FFEF25C24A7EE6C000B0F99 /* Release */ = {
			isa = XCBuildConfiguration;
			buildSettings = {
				ASSETCATALOG_COMPILER_APPICON_NAME = AppIcon;
				ASSETCATALOG_COMPILER_GLOBAL_ACCENT_COLOR_NAME = AccentColor;
				CODE_SIGN_STYLE = Automatic;
				DEVELOPMENT_ASSET_PATHS = "\"Pokedex/Preview Content\"";
				DEVELOPMENT_TEAM = TX6SMS48MG;
				ENABLE_PREVIEWS = YES;
				INFOPLIST_FILE = Pokedex/Info.plist;
				IPHONEOS_DEPLOYMENT_TARGET = 14.0;
				LD_RUNPATH_SEARCH_PATHS = (
					"$(inherited)",
					"@executable_path/Frameworks",
				);
				PRODUCT_BUNDLE_IDENTIFIER = com.alejo.Pokedex;
				PRODUCT_NAME = "$(TARGET_NAME)";
				SWIFT_VERSION = 5.0;
				TARGETED_DEVICE_FAMILY = "1,2";
			};
			name = Release;
		};
		2FFEF25E24A7EE6C000B0F99 /* Debug */ = {
			isa = XCBuildConfiguration;
			buildSettings = {
				ALWAYS_EMBED_SWIFT_STANDARD_LIBRARIES = YES;
				BUNDLE_LOADER = "$(TEST_HOST)";
				CODE_SIGN_STYLE = Automatic;
				INFOPLIST_FILE = PokedexTests/Info.plist;
				IPHONEOS_DEPLOYMENT_TARGET = 14.0;
				LD_RUNPATH_SEARCH_PATHS = (
					"$(inherited)",
					"@executable_path/Frameworks",
					"@loader_path/Frameworks",
				);
				PRODUCT_BUNDLE_IDENTIFIER = com.test.PokedexTests;
				PRODUCT_NAME = "$(TARGET_NAME)";
				SWIFT_VERSION = 5.0;
				TARGETED_DEVICE_FAMILY = "1,2";
				TEST_HOST = "$(BUILT_PRODUCTS_DIR)/Pokedex.app/Pokedex";
			};
			name = Debug;
		};
		2FFEF25F24A7EE6C000B0F99 /* Release */ = {
			isa = XCBuildConfiguration;
			buildSettings = {
				ALWAYS_EMBED_SWIFT_STANDARD_LIBRARIES = YES;
				BUNDLE_LOADER = "$(TEST_HOST)";
				CODE_SIGN_STYLE = Automatic;
				INFOPLIST_FILE = PokedexTests/Info.plist;
				IPHONEOS_DEPLOYMENT_TARGET = 14.0;
				LD_RUNPATH_SEARCH_PATHS = (
					"$(inherited)",
					"@executable_path/Frameworks",
					"@loader_path/Frameworks",
				);
				PRODUCT_BUNDLE_IDENTIFIER = com.test.PokedexTests;
				PRODUCT_NAME = "$(TARGET_NAME)";
				SWIFT_VERSION = 5.0;
				TARGETED_DEVICE_FAMILY = "1,2";
				TEST_HOST = "$(BUILT_PRODUCTS_DIR)/Pokedex.app/Pokedex";
			};
			name = Release;
		};
		2FFEF26124A7EE6C000B0F99 /* Debug */ = {
			isa = XCBuildConfiguration;
			buildSettings = {
				ALWAYS_EMBED_SWIFT_STANDARD_LIBRARIES = YES;
				CODE_SIGN_STYLE = Automatic;
				INFOPLIST_FILE = PokedexUITests/Info.plist;
				LD_RUNPATH_SEARCH_PATHS = (
					"$(inherited)",
					"@executable_path/Frameworks",
					"@loader_path/Frameworks",
				);
				PRODUCT_BUNDLE_IDENTIFIER = com.test.PokedexUITests;
				PRODUCT_NAME = "$(TARGET_NAME)";
				SWIFT_VERSION = 5.0;
				TARGETED_DEVICE_FAMILY = "1,2";
				TEST_TARGET_NAME = Pokedex;
			};
			name = Debug;
		};
		2FFEF26224A7EE6C000B0F99 /* Release */ = {
			isa = XCBuildConfiguration;
			buildSettings = {
				ALWAYS_EMBED_SWIFT_STANDARD_LIBRARIES = YES;
				CODE_SIGN_STYLE = Automatic;
				INFOPLIST_FILE = PokedexUITests/Info.plist;
				LD_RUNPATH_SEARCH_PATHS = (
					"$(inherited)",
					"@executable_path/Frameworks",
					"@loader_path/Frameworks",
				);
				PRODUCT_BUNDLE_IDENTIFIER = com.test.PokedexUITests;
				PRODUCT_NAME = "$(TARGET_NAME)";
				SWIFT_VERSION = 5.0;
				TARGETED_DEVICE_FAMILY = "1,2";
				TEST_TARGET_NAME = Pokedex;
			};
			name = Release;
		};
/* End XCBuildConfiguration section */

/* Begin XCConfigurationList section */
		2FFEF23024A7EE66000B0F99 /* Build configuration list for PBXProject "Pokedex" */ = {
			isa = XCConfigurationList;
			buildConfigurations = (
				2FFEF25824A7EE6C000B0F99 /* Debug */,
				2FFEF25924A7EE6C000B0F99 /* Release */,
			);
			defaultConfigurationIsVisible = 0;
			defaultConfigurationName = Release;
		};
		2FFEF25A24A7EE6C000B0F99 /* Build configuration list for PBXNativeTarget "Pokedex" */ = {
			isa = XCConfigurationList;
			buildConfigurations = (
				2FFEF25B24A7EE6C000B0F99 /* Debug */,
				2FFEF25C24A7EE6C000B0F99 /* Release */,
			);
			defaultConfigurationIsVisible = 0;
			defaultConfigurationName = Release;
		};
		2FFEF25D24A7EE6C000B0F99 /* Build configuration list for PBXNativeTarget "PokedexTests" */ = {
			isa = XCConfigurationList;
			buildConfigurations = (
				2FFEF25E24A7EE6C000B0F99 /* Debug */,
				2FFEF25F24A7EE6C000B0F99 /* Release */,
			);
			defaultConfigurationIsVisible = 0;
			defaultConfigurationName = Release;
		};
		2FFEF26024A7EE6C000B0F99 /* Build configuration list for PBXNativeTarget "PokedexUITests" */ = {
			isa = XCConfigurationList;
			buildConfigurations = (
				2FFEF26124A7EE6C000B0F99 /* Debug */,
				2FFEF26224A7EE6C000B0F99 /* Release */,
			);
			defaultConfigurationIsVisible = 0;
			defaultConfigurationName = Release;
		};
/* End XCConfigurationList section */
	};
	rootObject = 2FFEF22D24A7EE66000B0F99 /* Project object */;
}
